dependencies:
- name: keycloak
  repository: oci://registry-1.docker.io/bitnamicharts
  version: 25.2.0
- name: mongodb-kubernetes
  repository: https://mongodb.github.io/helm-charts
  version: 1.6.1
- name: auth-server
  repository: file://../auth-server
  version: 0.1.0
- name: registry
  repository: file://../registry
  version: 0.1.0
- name: keycloak-configure
  repository: file://../keycloak-configure
  version: 0.1.0
- name: mongodb-configure
  repository: file://../mongodb-configure
  version: 0.1.0
digest: sha256:d392d86ce2b65258a21148e2c92561ddcc13f206f109fdeebdbded575ffbc321
generated: "2026-02-21T20:00:20.021930714Z"
